
Microsoft Visual Studio Solution File, Format Version 12.00
# Visual Studio Version 17
VisualStudioVersion = 17.0.31903.59
MinimumVisualStudioVersion = 10.0.40219.1
Project("{9A19103F-16F7-4668-BE54-9A1E7A4F7556}") = "InsuranceAPI", "InsuranceAPI\InsuranceAPI.csproj", "{ABE6269A-9F4E-442A-8FDC-F59C3250C037}"
EndProject
Project("{9A19103F-16F7-4668-BE54-9A1E7A4F7556}") = "DataAccess", "DataAccess\DataAccess.csproj", "{BE860AC0-FFCD-4EB1-8D17-0C88575483A9}"
EndProject
Project("{9A19103F-16F7-4668-BE54-9A1E7A4F7556}") = "CustomExceptions", "CustomExceptions\CustomExceptions.csproj", "{75E82499-F20C-4CF6-AB86-8EAF0FBF7910}"
EndProject
Project("{9A19103F-16F7-4668-BE54-9A1E7A4F7556}") = "Services", "Services\Services.csproj", "{AE6C5F66-6D07-4383-ADB9-D447DD5F8150}"
EndProject
Project("{FAE04EC0-301F-11D3-BF4B-00C04F79EFBC}") = "Testing", "Testing\Testing.csproj", "{A5CBBDC0-D282-4E75-914D-DCE3A8FE977C}"
EndProject
Global
	GlobalSection(SolutionConfigurationPlatforms) = preSolution
		Debug|Any CPU = Debug|Any CPU
		Release|Any CPU = Release|Any CPU
	EndGlobalSection
	GlobalSection(ProjectConfigurationPlatforms) = postSolution
		{ABE6269A-9F4E-442A-8FDC-F59C3250C037}.Debug|Any CPU.ActiveCfg = Debug|Any CPU
		{ABE6269A-9F4E-442A-8FDC-F59C3250C037}.Debug|Any CPU.Build.0 = Debug|Any CPU
		{ABE6269A-9F4E-442A-8FDC-F59C3250C037}.Release|Any CPU.ActiveCfg = Release|Any CPU
		{ABE6269A-9F4E-442A-8FDC-F59C3250C037}.Release|Any CPU.Build.0 = Release|Any CPU
		{BE860AC0-FFCD-4EB1-8D17-0C88575483A9}.Debug|Any CPU.ActiveCfg = Debug|Any CPU
		{BE860AC0-FFCD-4EB1-8D17-0C88575483A9}.Debug|Any CPU.Build.0 = Debug|Any CPU
		{BE860AC0-FFCD-4EB1-8D17-0C88575483A9}.Release|Any CPU.ActiveCfg = Release|Any CPU
		{BE860AC0-FFCD-4EB1-8D17-0C88575483A9}.Release|Any CPU.Build.0 = Release|Any CPU
		{75E82499-F20C-4CF6-AB86-8EAF0FBF7910}.Debug|Any CPU.ActiveCfg = Debug|Any CPU
		{75E82499-F20C-4CF6-AB86-8EAF0FBF7910}.Debug|Any CPU.Build.0 = Debug|Any CPU
		{75E82499-F20C-4CF6-AB86-8EAF0FBF7910}.Release|Any CPU.ActiveCfg = Release|Any CPU
		{75E82499-F20C-4CF6-AB86-8EAF0FBF7910}.Release|Any CPU.Build.0 = Release|Any CPU
		{AE6C5F66-6D07-4383-ADB9-D447DD5F8150}.Debug|Any CPU.ActiveCfg = Debug|Any CPU
		{AE6C5F66-6D07-4383-ADB9-D447DD5F8150}.Debug|Any CPU.Build.0 = Debug|Any CPU
		{AE6C5F66-6D07-4383-ADB9-D447DD5F8150}.Release|Any CPU.ActiveCfg = Release|Any CPU
		{AE6C5F66-6D07-4383-ADB9-D447DD5F8150}.Release|Any CPU.Build.0 = Release|Any CPU
		{A5CBBDC0-D282-4E75-914D-DCE3A8FE977C}.Debug|Any CPU.ActiveCfg = Debug|Any CPU
		{A5CBBDC0-D282-4E75-914D-DCE3A8FE977C}.Debug|Any CPU.Build.0 = Debug|Any CPU
		{A5CBBDC0-D282-4E75-914D-DCE3A8FE977C}.Release|Any CPU.ActiveCfg = Release|Any CPU
		{A5CBBDC0-D282-4E75-914D-DCE3A8FE977C}.Release|Any CPU.Build.0 = Release|Any CPU
	EndGlobalSection
	GlobalSection(SolutionProperties) = preSolution
		HideSolutionNode = FALSE
	EndGlobalSection
	GlobalSection(ExtensibilityGlobals) = postSolution
		SolutionGuid = {74FA738B-992D-4DED-9A6C-33360DDE8497}
	EndGlobalSection
EndGlobal
